version = 1
revision = 3
requires-python = "==3.12.*"

[[package]]
name = "ai-native-recruiting"
version = "0.1.0"
source = { virtual = "." }
dependencies = [
    { name = "playwright" },
    { name = "pymupdf" },
]

[package.metadata]
requires-dist = [
    { name = "playwright", specifier = "==1.60.0" },
    { name = "pymupdf", specifier = "==1.26.5" },
]

[[package]]
name = "greenlet"
version = "3.5.5"
source = { registry = "https://pypi.org/simple" }
sdist = { url = "https://files.pythonhosted.org/packages/0b/d8/7cc97c142388aef03f622e001c572c4f84e9252a439549d483f555771970/greenlet-3.5.5.tar.gz", hash = "sha256:adb4bae02e91a8e863e48b177e4014bdcac8a6b5e047ea1df687a61534b85e6c", size = 207585, upload-time = "2026-08-10T15:09:36.136Z" }
wheels = [
    { url = "https://files.pythonhosted.org/packages/2e/7e/9ecd0285e3153532ae07aeb88063c43c72b4221cf0d4d123b02f3682e3ff/greenlet-3.5.5-cp312-cp312-macosx_11_0_universal2.whl", hash = "sha256:49520f0c95a48b42cf55414b8e8479beb274ea70431afc33e3f79903c71f4380", size = 295809, upload-time = "2026-08-10T13:25:34.023Z" },
    { url = "https://files.pythonhosted.org/packages/35/73/60e4bbcc89252037b18087f2ec16405d5b2d5be42dde191bbf3667e96102/greenlet-3.5.5-cp312-cp312-manylinux_2_24_aarch64.manylinux_2_28_aarch64.whl", hash = "sha256:55272212cbc5f43d1d723725ab931f1939969b7e9523882ca58b55061769d053", size = 611910, upload-time = "2026-08-10T14:14:35.18Z" },
    { url = "https://files.pythonhosted.org/packages/a4/17/cd5134be659cd4a443e7a61ae670dabec165a814c51162916d637b6dd38e/greenlet-3.5.5-cp312-cp312-manylinux_2_24_ppc64le.manylinux_2_28_ppc64le.whl", hash = "sha256:655bca754a2ef4efcb0eb48a94d3f4593536d0f3d48f8ed44343c01d16a92f95", size = 624198, upload-time = "2026-08-10T14:27:25.229Z" },
    { url = "https://files.pythonhosted.org/packages/9b/30/87c212b5c684d0e72974f1063b7a9687631e8985902c06e1016542c874e7/greenlet-3.5.5-cp312-cp312-manylinux_2_24_s390x.manylinux_2_28_s390x.whl", hash = "sha256:6ca5d6ae0739e5764f2cfcfaa562ac5a990cbdaedca93251c5e3cf07c362371f", size = 629504, upload-time = "2026-08-10T14:30:07.967Z" },
    { url = "https://files.pythonhosted.org/packages/78/ac/5c5b959999b6f09c3026b5dfe171575bc3121c5236ce74f495096f25b203/greenlet-3.5.5-cp312-cp312-manylinux_2_24_x86_64.manylinux_2_28_x86_64.whl", hash = "sha256:147b25a42e5ca5be3d42356e8f608b37af715a1c196e9bf9d1627f3341adfe1d", size = 621439, upload-time = "2026-08-10T13:40:49.391Z" },
    { url = "https://files.pythonhosted.org/packages/63/2c/eb487fafc9f50ffff2b1e0b697f70fb34bf150821c08ab225aacf5583a7e/greenlet-3.5.5-cp312-cp312-manylinux_2_39_riscv64.whl", hash = "sha256:1b5ed9162c0c098e0bbc2cf88a94f433c1b8926f831745252e099e5d83e17759", size = 432462, upload-time = "2026-08-10T14:30:02.309Z" },
    { url = "https://files.pythonhosted.org/packages/c8/8b/6acf112ed8aee499f25b4d6949820fb02ac950ff9c1f3d793bd5be0599f2/greenlet-3.5.5-cp312-cp312-musllinux_1_2_aarch64.whl", hash = "sha256:27493374cff1d1b7919dc8126547f2aea582737e3046147b434b1e12de56389b", size = 1581342, upload-time = "2026-08-10T14:15:05.653Z" },
    { url = "https://files.pythonhosted.org/packages/b8/d7/734e5f198888876b42d7616ff6644c075baf6b8a2412deadd6b0e1b8b20c/greenlet-3.5.5-cp312-cp312-musllinux_1_2_x86_64.whl", hash = "sha256:12e2ee66c2aba86133f10fd99d6a8856c6d351ffb7be0e4d52ef2cc5fbb705b2", size = 1645744, upload-time = "2026-08-10T13:40:30.353Z" },
    { url = "https://files.pythonhosted.org/packages/de/30/1f42b88dc587b5899ee50616ad56ee40cafaf225df4fb829f10183c62a5c/greenlet-3.5.5-cp312-cp312-win_amd64.whl", hash = "sha256:49ddacd36af37735fab103846f4ee4d18a492dde72730d1699c0c8ebe30d9f18", size = 324171, upload-time = "2026-08-10T13:28:44.472Z" },
    { url = "https://files.pythonhosted.org/packages/76/e5/4dee4d8d2e603fe5fdd7b444e63219f7b9bd852c60c6214511c7157cbe88/greenlet-3.5.5-cp312-cp312-win_arm64.whl", hash = "sha256:5f1b1ff4828cdc1aba4266aff814085d04a1d07959287219af021b838b265d52", size = 308362, upload-time = "2026-08-10T13:26:46.839Z" },
]

[[package]]
name = "playwright"
version = "1.60.0"
source = { registry = "https://pypi.org/simple" }
dependencies = [
    { name = "greenlet" },
    { name = "pyee" },
]
wheels = [
    { url = "https://files.pythonhosted.org/packages/21/f0/832bd9677194908da118064eef20082f2791e3d18215cc6d9391ee2c5a67/playwright-1.60.0-py3-none-macosx_10_13_x86_64.whl", hash = "sha256:6a8cd0fec171fb3089e95e898c8bc8a6f35dea0b78b399e12fcc19427e91b1d7", size = 43474635, upload-time = "2026-05-18T12:00:31.969Z" },
    { url = "https://files.pythonhosted.org/packages/59/7b/e1d32ae8a3ed937ec2be3721c5f728b13d731a0b7c6442e0b3bec5094ac0/playwright-1.60.0-py3-none-macosx_11_0_arm64.whl", hash = "sha256:39b5420ba6145045b69ced4c5c47d4d9fe5bddfc8ff816c518913afcb25ec7a5", size = 42261327, upload-time = "2026-05-18T12:00:35.638Z" },
    { url = "https://files.pythonhosted.org/packages/d7/bc/23de499ded6411c188a20c5a0dea6f0cd4ed5d2b3cc6042a5dbd3ed609aa/playwright-1.60.0-py3-none-macosx_11_0_universal2.whl", hash = "sha256:2581d0e6a3392c71f91b27460c7fd093356818dc430f48153896c8aeeaef7705", size = 43474636, upload-time = "2026-05-18T12:00:39.294Z" },
    { url = "https://files.pythonhosted.org/packages/22/7b/1d679f4fced4ea94efadd17103856d8c565384f68382a1681264e46f5925/playwright-1.60.0-py3-none-manylinux1_x86_64.whl", hash = "sha256:1c2bfae7884fb3fb05b853290eab8f343d524e5016f2f1def702acbbdf14c93e", size = 47467220, upload-time = "2026-05-18T12:00:43.179Z" },
    { url = "https://files.pythonhosted.org/packages/84/c2/1528d267d4442bd2c6b8eaeab819dd52c2030bf80e89293f0ba1f687473b/playwright-1.60.0-py3-none-manylinux_2_17_aarch64.manylinux2014_aarch64.whl", hash = "sha256:43e66564125ee31b07a58cefb21e256d62d67d8d1713e6858df7a3019d8ed353", size = 47154856, upload-time = "2026-05-18T12:00:46.715Z" },
    { url = "https://files.pythonhosted.org/packages/bb/4e/b008b6440a7a1624378041da94829956d4b8f7ab9ef5aad22d0dc3f2e26d/playwright-1.60.0-py3-none-win32.whl", hash = "sha256:ec94e416ea320711e0ad4bf185dcbf41833672961e90773e1885255d7db7b7e7", size = 37902157, upload-time = "2026-05-18T12:00:50.374Z" },
    { url = "https://files.pythonhosted.org/packages/55/f0/0541524133104f9cc20bf900870ff4a736b76a23483f3a55295ddfa58409/playwright-1.60.0-py3-none-win_amd64.whl", hash = "sha256:9566821ce6030a1f9e7146a24e19355ab0d98805fd0f9be50bb3d8fef1750c02", size = 37902159, upload-time = "2026-05-18T12:00:53.728Z" },
    { url = "https://files.pythonhosted.org/packages/80/c8/210f282d278e4709cdd71b12a31af45a30a22ab3207b387e29b37e478713/playwright-1.60.0-py3-none-win_arm64.whl", hash = "sha256:6e4f6700a4c2250efff8e690a81d66e3855754fb587b6b87cf5c784014f91537", size = 34037981, upload-time = "2026-05-18T12:00:57.584Z" },
]

[[package]]
name = "pyee"
version = "13.0.1"
source = { registry = "https://pypi.org/simple" }
dependencies = [
    { name = "typing-extensions" },
]
sdist = { url = "https://files.pythonhosted.org/packages/8b/04/e7c1fe4dc78a6fdbfd6c337b1c3732ff543b8a397683ab38378447baa331/pyee-13.0.1.tar.gz", hash = "sha256:0b931f7c14535667ed4c7e0d531716368715e860b988770fc7eb8578d1f67fc8", size = 31655, upload-time = "2026-02-14T21:12:28.044Z" }
wheels = [
    { url = "https://files.pythonhosted.org/packages/a0/c4/b4d4827c93ef43c01f599ef31453ccc1c132b353284fc6c87d535c233129/pyee-13.0.1-py3-none-any.whl", hash = "sha256:af2f8fede4171ef667dfded53f96e2ed0d6e6bd7ee3bb46437f77e3b57689228", size = 15659, upload-time = "2026-02-14T21:12:26.263Z" },
]

[[package]]
name = "pymupdf"
version = "1.26.5"
source = { registry = "https://pypi.org/simple" }
sdist = { url = "https://files.pythonhosted.org/packages/8d/9a/e0a4e92a85fc17be7c54afdbb113f0ade2a8bca49856d510e28bd249e462/pymupdf-1.26.5.tar.gz", hash = "sha256:8ef335e07f648492df240f2247854d0e7c0467afb9c4dc2376ec30978ec158c3", size = 84319274, upload-time = "2025-10-10T14:04:51.826Z" }
wheels = [
    { url = "https://files.pythonhosted.org/packages/dd/3f/7fc927fd66922ce838d4c974ff9a685c5f5aba108a5d94914dc05c9371f5/pymupdf-1.26.5-cp39-abi3-macosx_10_9_x86_64.whl", hash = "sha256:2bfb58f07ad631e5f71ad0bd6f1ff52700f7ba7ebb4973130e81e75b721beae1", size = 23065601, upload-time = "2025-10-10T13:58:43.98Z" },
    { url = "https://files.pythonhosted.org/packages/c1/e2/e87e62284ba98d59f1fd4fc7542ef2ed0002525754a485fa4077b3bbddae/pymupdf-1.26.5-cp39-abi3-macosx_11_0_arm64.whl", hash = "sha256:d58599479bc471d3ae56c3d68d9160d0b7de8a3bd40221ddc3a4eaae2d281b86", size = 22412612, upload-time = "2025-10-10T13:59:04.846Z" },
    { url = "https://files.pythonhosted.org/packages/df/c2/af93c6367f79e9b5435f803bde51c1dc8225f054f8238162dda80b44986d/pymupdf-1.26.5-cp39-abi3-manylinux_2_28_aarch64.whl", hash = "sha256:7dfea81fdd73437a6a6ce83e1fcf556faee9327a6540571e58bf04fa362bb0cd", size = 23457410, upload-time = "2025-10-10T22:45:26.355Z" },
    { url = "https://files.pythonhosted.org/packages/5b/5a/1292a0df4ff71fbc00dfa8c08759d17c97e1e8ea9277eb5bc5f079ca188d/pymupdf-1.26.5-cp39-abi3-manylinux_2_28_x86_64.whl", hash = "sha256:caad0ffeb63dcc4a29ca40f3c68d7b78d32a932e834b0056b529cc0bdbaaffc9", size = 24064941, upload-time = "2025-10-10T13:59:48.544Z" },
    { url = "https://files.pythonhosted.org/packages/28/90/87b7fdfc9cd6991a3eb69a5752f6343374c34f258c511c242f4d60791eea/pymupdf-1.26.5-cp39-abi3-musllinux_1_2_x86_64.whl", hash = "sha256:e24e7a7d696bd398543cc5c147869edb2026d5d5a21b7f8e35db2f20170b389e", size = 24268203, upload-time = "2025-10-10T14:00:28.791Z" },
    { url = "https://files.pythonhosted.org/packages/2c/99/9d4b36485538e29df0a013fb02bbf6b5b0743a428fa07515e36631c43363/pymupdf-1.26.5-cp39-abi3-win32.whl", hash = "sha256:a2a42f5911d153a47bf5c3e162a0bfe8745eb9bec3e59fbaf87617b4003d8270", size = 17130722, upload-time = "2025-10-10T14:00:51.377Z" },
    { url = "https://files.pythonhosted.org/packages/c6/96/fd59c1532891762ea4815e73956c532053d5e26d56969e1e5d1e4ca4b207/pymupdf-1.26.5-cp39-abi3-win_amd64.whl", hash = "sha256:39a6fb58182b27b51ea8150a0cd2e4ee7e0cf71e9d6723978f28699b42ee61ae", size = 18747258, upload-time = "2025-10-10T14:01:37.346Z" },
]

[[package]]
name = "typing-extensions"
version = "4.16.0"
source = { registry = "https://pypi.org/simple" }
sdist = { url = "https://files.pythonhosted.org/packages/f6/cc/6253133b5bb138fc3306cebfbda2c520f545d36b5be2c7255cc528bb45d6/typing_extensions-4.16.0.tar.gz", hash = "sha256:dc983d19a509c94dba722ee6abd33940f7c05a89e243c47e907eb4db6f1a43e5", size = 113555, upload-time = "2026-07-02T08:40:05.92Z" }
wheels = [
    { url = "https://files.pythonhosted.org/packages/49/d3/b8441a820a491ddfc024b0b0cf0393375b75ea13866d9c66727e54c2fc80/typing_extensions-4.16.0-py3-none-any.whl", hash = "sha256:481caa481374e813c1b176ada14e97f1f67a4539ce9cfeb3f350d78d6370c2e8", size = 45571, upload-time = "2026-07-02T08:40:04.659Z" },
]
